
Microsoft Visual Studio Solution File, Format Version 12.00
# Visual Studio Version 17
VisualStudioVersion = 17.4.33205.214
MinimumVisualStudioVersion = 10.0.40219.1
Project("{FAE04EC0-301F-11D3-BF4B-00C04F79EFBC}") = "Planewalker", "Planewalker\Planewalker.csproj", "{217450FB-D18E-430B-B116-BA693C63D53B}"
EndProject
Project("{9A19103F-16F7-4668-BE54-9A1E7A4F7556}") = "TesseractEngine-Core", "TesseractEngine\TesseractEngine-Core\TesseractEngine-Core.csproj", "{F79B2AE6-AE85-47CF-88F4-5C709D9B7C0F}"
EndProject
Project("{9A19103F-16F7-4668-BE54-9A1E7A4F7556}") = "TesseractEngine-SDL2", "TesseractEngine\TesseractEngine-SDL2\TesseractEngine-SDL2.csproj", "{F486D3AF-EA60-4678-AF68-61E07F8DA77A}"
EndProject
Project("{9A19103F-16F7-4668-BE54-9A1E7A4F7556}") = "TesseractEngine-ImGui", "TesseractEngine\TesseractEngine-ImGui\TesseractEngine-ImGui.csproj", "{21118346-5799-4B86-9707-10B6915F16F2}"
EndProject
Project("{8BC9CEB8-8B4A-11D0-8D11-00A0C91BC942}") = "TesseractEngine-ImGui-CLI", "TesseractEngine\TesseractEngine-ImGui-CLI\TesseractEngine-ImGui-CLI.vcxproj", "{A2941801-C897-4DBF-9774-B6F193521427}"
EndProject
Project("{9A19103F-16F7-4668-BE54-9A1E7A4F7556}") = "TesseractEngine-ImGui-OpenGL", "TesseractEngine\TesseractEngine-ImGui-OpenGL\TesseractEngine-ImGui-OpenGL.csproj", "{2F00EF38-61FA-416C-9DD4-2AD502E16901}"
EndProject
Project("{9A19103F-16F7-4668-BE54-9A1E7A4F7556}") = "TesseractEngine-GL", "TesseractEngine\TesseractEngine-GL\TesseractEngine-GL.csproj", "{B31CD314-F5EA-4258-ABAC-EEF19DA0E7E8}"
EndProject
Project("{FAE04EC0-301F-11D3-BF4B-00C04F79EFBC}") = "Planewalker.Win32", "Planewalker.Win32\Planewalker.Win32.csproj", "{DC427E96-A5EF-45FC-B7A4-3D82D2924755}"
EndProject
Project("{9A19103F-16F7-4668-BE54-9A1E7A4F7556}") = "TesseractEngine-SDL2-OpenGL", "TesseractEngine\TesseractEngine-SDL2-OpenGL\TesseractEngine-SDL2-OpenGL.csproj", "{F65EDDFA-C738-4EF4-B973-B7CD9CDB09B5}"
EndProject
Project("{9A19103F-16F7-4668-BE54-9A1E7A4F7556}") = "TesseractEngine-ImGui-Core", "TesseractEngine\TesseractEngine-ImGui-Core\TesseractEngine-ImGui-Core.csproj", "{1EA38180-1C62-4CDF-8178-90E0427994EC}"
EndProject
Global
	GlobalSection(SolutionConfigurationPlatforms) = preSolution
		Debug|Any CPU = Debug|Any CPU
		Debug|x64 = Debug|x64
		Debug|x86 = Debug|x86
		Release|Any CPU = Release|Any CPU
		Release|x64 = Release|x64
		Release|x86 = Release|x86
	EndGlobalSection
	GlobalSection(ProjectConfigurationPlatforms) = postSolution
		{217450FB-D18E-430B-B116-BA693C63D53B}.Debug|Any CPU.ActiveCfg = Debug|Any CPU
		{217450FB-D18E-430B-B116-BA693C63D53B}.Debug|Any CPU.Build.0 = Debug|Any CPU
		{217450FB-D18E-430B-B116-BA693C63D53B}.Debug|x64.ActiveCfg = Debug|Any CPU
		{217450FB-D18E-430B-B116-BA693C63D53B}.Debug|x64.Build.0 = Debug|Any CPU
		{217450FB-D18E-430B-B116-BA693C63D53B}.Debug|x86.ActiveCfg = Debug|Any CPU
		{217450FB-D18E-430B-B116-BA693C63D53B}.Debug|x86.Build.0 = Debug|Any CPU
		{217450FB-D18E-430B-B116-BA693C63D53B}.Release|Any CPU.ActiveCfg = Release|Any CPU
		{217450FB-D18E-430B-B116-BA693C63D53B}.Release|Any CPU.Build.0 = Release|Any CPU
		{217450FB-D18E-430B-B116-BA693C63D53B}.Release|x64.ActiveCfg = Release|Any CPU
		{217450FB-D18E-430B-B116-BA693C63D53B}.Release|x64.Build.0 = Release|Any CPU
		{217450FB-D18E-430B-B116-BA693C63D53B}.Release|x86.ActiveCfg = Release|Any CPU
		{217450FB-D18E-430B-B116-BA693C63D53B}.Release|x86.Build.0 = Release|Any CPU
		{F79B2AE6-AE85-47CF-88F4-5C709D9B7C0F}.Debug|Any CPU.ActiveCfg = Debug|Any CPU
		{F79B2AE6-AE85-47CF-88F4-5C709D9B7C0F}.Debug|Any CPU.Build.0 = Debug|Any CPU
		{F79B2AE6-AE85-47CF-88F4-5C709D9B7C0F}.Debug|x64.ActiveCfg = Debug|Any CPU
		{F79B2AE6-AE85-47CF-88F4-5C709D9B7C0F}.Debug|x64.Build.0 = Debug|Any CPU
		{F79B2AE6-AE85-47CF-88F4-5C709D9B7C0F}.Debug|x86.ActiveCfg = Debug|Any CPU
		{F79B2AE6-AE85-47CF-88F4-5C709D9B7C0F}.Debug|x86.Build.0 = Debug|Any CPU
		{F79B2AE6-AE85-47CF-88F4-5C709D9B7C0F}.Release|Any CPU.ActiveCfg = Release|Any CPU
		{F79B2AE6-AE85-47CF-88F4-5C709D9B7C0F}.Release|Any CPU.Build.0 = Release|Any CPU
		{F79B2AE6-AE85-47CF-88F4-5C709D9B7C0F}.Release|x64.ActiveCfg = Release|Any CPU
		{F79B2AE6-AE85-47CF-88F4-5C709D9B7C0F}.Release|x64.Build.0 = Release|Any CPU
		{F79B2AE6-AE85-47CF-88F4-5C709D9B7C0F}.Release|x86.ActiveCfg = Release|Any CPU
		{F79B2AE6-AE85-47CF-88F4-5C709D9B7C0F}.Release|x86.Build.0 = Release|Any CPU
		{F486D3AF-EA60-4678-AF68-61E07F8DA77A}.Debug|Any CPU.ActiveCfg = Debug|Any CPU
		{F486D3AF-EA60-4678-AF68-61E07F8DA77A}.Debug|Any CPU.Build.0 = Debug|Any CPU
		{F486D3AF-EA60-4678-AF68-61E07F8DA77A}.Debug|x64.ActiveCfg = Debug|Any CPU
		{F486D3AF-EA60-4678-AF68-61E07F8DA77A}.Debug|x64.Build.0 = Debug|Any CPU
		{F486D3AF-EA60-4678-AF68-61E07F8DA77A}.Debug|x86.ActiveCfg = Debug|Any CPU
		{F486D3AF-EA60-4678-AF68-61E07F8DA77A}.Debug|x86.Build.0 = Debug|Any CPU
		{F486D3AF-EA60-4678-AF68-61E07F8DA77A}.Release|Any CPU.ActiveCfg = Release|Any CPU
		{F486D3AF-EA60-4678-AF68-61E07F8DA77A}.Release|Any CPU.Build.0 = Release|Any CPU
		{F486D3AF-EA60-4678-AF68-61E07F8DA77A}.Release|x64.ActiveCfg = Release|Any CPU
		{F486D3AF-EA60-4678-AF68-61E07F8DA77A}.Release|x64.Build.0 = Release|Any CPU
		{F486D3AF-EA60-4678-AF68-61E07F8DA77A}.Release|x86.ActiveCfg = Release|Any CPU
		{F486D3AF-EA60-4678-AF68-61E07F8DA77A}.Release|x86.Build.0 = Release|Any CPU
		{21118346-5799-4B86-9707-10B6915F16F2}.Debug|Any CPU.ActiveCfg = Debug|Any CPU
		{21118346-5799-4B86-9707-10B6915F16F2}.Debug|Any CPU.Build.0 = Debug|Any CPU
		{21118346-5799-4B86-9707-10B6915F16F2}.Debug|x64.ActiveCfg = Debug|Any CPU
		{21118346-5799-4B86-9707-10B6915F16F2}.Debug|x64.Build.0 = Debug|Any CPU
		{21118346-5799-4B86-9707-10B6915F16F2}.Debug|x86.ActiveCfg = Debug|Any CPU
		{21118346-5799-4B86-9707-10B6915F16F2}.Debug|x86.Build.0 = Debug|Any CPU
		{21118346-5799-4B86-9707-10B6915F16F2}.Release|Any CPU.ActiveCfg = Release|Any CPU
		{21118346-5799-4B86-9707-10B6915F16F2}.Release|Any CPU.Build.0 = Release|Any CPU
		{21118346-5799-4B86-9707-10B6915F16F2}.Release|x64.ActiveCfg = Release|Any CPU
		{21118346-5799-4B86-9707-10B6915F16F2}.Release|x64.Build.0 = Release|Any CPU
		{21118346-5799-4B86-9707-10B6915F16F2}.Release|x86.ActiveCfg = Release|Any CPU
		{21118346-5799-4B86-9707-10B6915F16F2}.Release|x86.Build.0 = Release|Any CPU
		{A2941801-C897-4DBF-9774-B6F193521427}.Debug|Any CPU.ActiveCfg = Debug|x64
		{A2941801-C897-4DBF-9774-B6F193521427}.Debug|Any CPU.Build.0 = Debug|x64
		{A2941801-C897-4DBF-9774-B6F193521427}.Debug|x64.ActiveCfg = Debug|x64
		{A2941801-C897-4DBF-9774-B6F193521427}.Debug|x64.Build.0 = Debug|x64
		{A2941801-C897-4DBF-9774-B6F193521427}.Debug|x86.ActiveCfg = Debug|Win32
		{A2941801-C897-4DBF-9774-B6F193521427}.Debug|x86.Build.0 = Debug|Win32
		{A2941801-C897-4DBF-9774-B6F193521427}.Release|Any CPU.ActiveCfg = Release|x64
		{A2941801-C897-4DBF-9774-B6F193521427}.Release|Any CPU.Build.0 = Release|x64
		{A2941801-C897-4DBF-9774-B6F193521427}.Release|x64.ActiveCfg = Release|x64
		{A2941801-C897-4DBF-9774-B6F193521427}.Release|x64.Build.0 = Release|x64
		{A2941801-C897-4DBF-9774-B6F193521427}.Release|x86.ActiveCfg = Release|Win32
		{A2941801-C897-4DBF-9774-B6F193521427}.Release|x86.Build.0 = Release|Win32
		{2F00EF38-61FA-416C-9DD4-2AD502E16901}.Debug|Any CPU.ActiveCfg = Debug|Any CPU
		{2F00EF38-61FA-416C-9DD4-2AD502E16901}.Debug|Any CPU.Build.0 = Debug|Any CPU
		{2F00EF38-61FA-416C-9DD4-2AD502E16901}.Debug|x64.ActiveCfg = Debug|Any CPU
		{2F00EF38-61FA-416C-9DD4-2AD502E16901}.Debug|x64.Build.0 = Debug|Any CPU
		{2F00EF38-61FA-416C-9DD4-2AD502E16901}.Debug|x86.ActiveCfg = Debug|Any CPU
		{2F00EF38-61FA-416C-9DD4-2AD502E16901}.Debug|x86.Build.0 = Debug|Any CPU
		{2F00EF38-61FA-416C-9DD4-2AD502E16901}.Release|Any CPU.ActiveCfg = Release|Any CPU
		{2F00EF38-61FA-416C-9DD4-2AD502E16901}.Release|Any CPU.Build.0 = Release|Any CPU
		{2F00EF38-61FA-416C-9DD4-2AD502E16901}.Release|x64.ActiveCfg = Release|Any CPU
		{2F00EF38-61FA-416C-9DD4-2AD502E16901}.Release|x64.Build.0 = Release|Any CPU
		{2F00EF38-61FA-416C-9DD4-2AD502E16901}.Release|x86.ActiveCfg = Release|Any CPU
		{2F00EF38-61FA-416C-9DD4-2AD502E16901}.Release|x86.Build.0 = Release|Any CPU
		{B31CD314-F5EA-4258-ABAC-EEF19DA0E7E8}.Debug|Any CPU.ActiveCfg = Debug|Any CPU
		{B31CD314-F5EA-4258-ABAC-EEF19DA0E7E8}.Debug|Any CPU.Build.0 = Debug|Any CPU
		{B31CD314-F5EA-4258-ABAC-EEF19DA0E7E8}.Debug|x64.ActiveCfg = Debug|Any CPU
		{B31CD314-F5EA-4258-ABAC-EEF19DA0E7E8}.Debug|x64.Build.0 = Debug|Any CPU
		{B31CD314-F5EA-4258-ABAC-EEF19DA0E7E8}.Debug|x86.ActiveCfg = Debug|Any CPU
		{B31CD314-F5EA-4258-ABAC-EEF19DA0E7E8}.Debug|x86.Build.0 = Debug|Any CPU
		{B31CD314-F5EA-4258-ABAC-EEF19DA0E7E8}.Release|Any CPU.ActiveCfg = Release|Any CPU
		{B31CD314-F5EA-4258-ABAC-EEF19DA0E7E8}.Release|Any CPU.Build.0 = Release|Any CPU
		{B31CD314-F5EA-4258-ABAC-EEF19DA0E7E8}.Release|x64.ActiveCfg = Release|Any CPU
		{B31CD314-F5EA-4258-ABAC-EEF19DA0E7E8}.Release|x64.Build.0 = Release|Any CPU
		{B31CD314-F5EA-4258-ABAC-EEF19DA0E7E8}.Release|x86.ActiveCfg = Release|Any CPU
		{B31CD314-F5EA-4258-ABAC-EEF19DA0E7E8}.Release|x86.Build.0 = Release|Any CPU
		{DC427E96-A5EF-45FC-B7A4-3D82D2924755}.Debug|Any CPU.ActiveCfg = Debug|Any CPU
		{DC427E96-A5EF-45FC-B7A4-3D82D2924755}.Debug|Any CPU.Build.0 = Debug|Any CPU
		{DC427E96-A5EF-45FC-B7A4-3D82D2924755}.Debug|x64.ActiveCfg = Debug|Any CPU
		{DC427E96-A5EF-45FC-B7A4-3D82D2924755}.Debug|x64.Build.0 = Debug|Any CPU
		{DC427E96-A5EF-45FC-B7A4-3D82D2924755}.Debug|x86.ActiveCfg = Debug|Any CPU
		{DC427E96-A5EF-45FC-B7A4-3D82D2924755}.Debug|x86.Build.0 = Debug|Any CPU
		{DC427E96-A5EF-45FC-B7A4-3D82D2924755}.Release|Any CPU.ActiveCfg = Release|Any CPU
		{DC427E96-A5EF-45FC-B7A4-3D82D2924755}.Release|Any CPU.Build.0 = Release|Any CPU
		{DC427E96-A5EF-45FC-B7A4-3D82D2924755}.Release|x64.ActiveCfg = Release|Any CPU
		{DC427E96-A5EF-45FC-B7A4-3D82D2924755}.Release|x64.Build.0 = Release|Any CPU
		{DC427E96-A5EF-45FC-B7A4-3D82D2924755}.Release|x86.ActiveCfg = Release|Any CPU
		{DC427E96-A5EF-45FC-B7A4-3D82D2924755}.Release|x86.Build.0 = Release|Any CPU
		{F65EDDFA-C738-4EF4-B973-B7CD9CDB09B5}.Debug|Any CPU.ActiveCfg = Debug|Any CPU
		{F65EDDFA-C738-4EF4-B973-B7CD9CDB09B5}.Debug|Any CPU.Build.0 = Debug|Any CPU
		{F65EDDFA-C738-4EF4-B973-B7CD9CDB09B5}.Debug|x64.ActiveCfg = Debug|Any CPU
		{F65EDDFA-C738-4EF4-B973-B7CD9CDB09B5}.Debug|x64.Build.0 = Debug|Any CPU
		{F65EDDFA-C738-4EF4-B973-B7CD9CDB09B5}.Debug|x86.ActiveCfg = Debug|Any CPU
		{F65EDDFA-C738-4EF4-B973-B7CD9CDB09B5}.Debug|x86.Build.0 = Debug|Any CPU
		{F65EDDFA-C738-4EF4-B973-B7CD9CDB09B5}.Release|Any CPU.ActiveCfg = Release|Any CPU
		{F65EDDFA-C738-4EF4-B973-B7CD9CDB09B5}.Release|Any CPU.Build.0 = Release|Any CPU
		{F65EDDFA-C738-4EF4-B973-B7CD9CDB09B5}.Release|x64.ActiveCfg = Release|Any CPU
		{F65EDDFA-C738-4EF4-B973-B7CD9CDB09B5}.Release|x64.Build.0 = Release|Any CPU
		{F65EDDFA-C738-4EF4-B973-B7CD9CDB09B5}.Release|x86.ActiveCfg = Release|Any CPU
		{F65EDDFA-C738-4EF4-B973-B7CD9CDB09B5}.Release|x86.Build.0 = Release|Any CPU
		{1EA38180-1C62-4CDF-8178-90E0427994EC}.Debug|Any CPU.ActiveCfg = Debug|Any CPU
		{1EA38180-1C62-4CDF-8178-90E0427994EC}.Debug|Any CPU.Build.0 = Debug|Any CPU
		{1EA38180-1C62-4CDF-8178-90E0427994EC}.Debug|x64.ActiveCfg = Debug|Any CPU
		{1EA38180-1C62-4CDF-8178-90E0427994EC}.Debug|x64.Build.0 = Debug|Any CPU
		{1EA38180-1C62-4CDF-8178-90E0427994EC}.Debug|x86.ActiveCfg = Debug|Any CPU
		{1EA38180-1C62-4CDF-8178-90E0427994EC}.Debug|x86.Build.0 = Debug|Any CPU
		{1EA38180-1C62-4CDF-8178-90E0427994EC}.Release|Any CPU.ActiveCfg = Release|Any CPU
		{1EA38180-1C62-4CDF-8178-90E0427994EC}.Release|Any CPU.Build.0 = Release|Any CPU
		{1EA38180-1C62-4CDF-8178-90E0427994EC}.Release|x64.ActiveCfg = Release|Any CPU
		{1EA38180-1C62-4CDF-8178-90E0427994EC}.Release|x64.Build.0 = Release|Any CPU
		{1EA38180-1C62-4CDF-8178-90E0427994EC}.Release|x86.ActiveCfg = Release|Any CPU
		{1EA38180-1C62-4CDF-8178-90E0427994EC}.Release|x86.Build.0 = Release|Any CPU
	EndGlobalSection
	GlobalSection(SolutionProperties) = preSolution
		HideSolutionNode = FALSE
	EndGlobalSection
	GlobalSection(ExtensibilityGlobals) = postSolution
		SolutionGuid = {9E980C70-EBAD-4590-A8C1-2DE09FB832F4}
	EndGlobalSection
EndGlobal
